
Microsoft Visual Studio Solution File, Format Version 12.00
# Visual Studio 14
VisualStudioVersion = 14.0.25420.1
MinimumVisualStudioVersion = 10.0.40219.1
Project("{FAE04EC0-301F-11D3-BF4B-00C04F79EFBC}") = "JQuery.Domain", "JQuery.Domain\JQuery.Domain.csproj", "{F9F83D62-2270-4CB6-B6B5-D364BDE4D462}"
EndProject
Project("{FAE04EC0-301F-11D3-BF4B-00C04F79EFBC}") = "JQuery.WebUI", "JQuery.WebUI\JQuery.WebUI.csproj", "{2CF0BCF9-94FE-4F43-BD72-01B926154091}"
EndProject
Global
	GlobalSection(SolutionConfigurationPlatforms) = preSolution
		Debug|Any CPU = Debug|Any CPU
		Release|Any CPU = Release|Any CPU
	EndGlobalSection
	GlobalSection(ProjectConfigurationPlatforms) = postSolution
		{F9F83D62-2270-4CB6-B6B5-D364BDE4D462}.Debug|Any CPU.ActiveCfg = Debug|Any CPU
		{F9F83D62-2270-4CB6-B6B5-D364BDE4D462}.Debug|Any CPU.Build.0 = Debug|Any CPU
		{F9F83D62-2270-4CB6-B6B5-D364BDE4D462}.Release|Any CPU.ActiveCfg = Release|Any CPU
		{F9F83D62-2270-4CB6-B6B5-D364BDE4D462}.Release|Any CPU.Build.0 = Release|Any CPU
		{2CF0BCF9-94FE-4F43-BD72-01B926154091}.Debug|Any CPU.ActiveCfg = Debug|Any CPU
		{2CF0BCF9-94FE-4F43-BD72-01B926154091}.Debug|Any CPU.Build.0 = Debug|Any CPU
		{2CF0BCF9-94FE-4F43-BD72-01B926154091}.Release|Any CPU.ActiveCfg = Release|Any CPU
		{2CF0BCF9-94FE-4F43-BD72-01B926154091}.Release|Any CPU.Build.0 = Release|Any CPU
	EndGlobalSection
	GlobalSection(SolutionProperties) = preSolution
		HideSolutionNode = FALSE
	EndGlobalSection
EndGlobal
